
Microsoft Visual Studio Solution File, Format Version 12.00
# Visual Studio 14
VisualStudioVersion = 14.0.25420.1
MinimumVisualStudioVersion = 10.0.40219.1
Project("{2150E333-8FDC-42A3-9474-1A3956D46DE8}") = "src", "src", "{DE0CB7B0-5413-43C8-B452-06224A68ED62}"
EndProject
Project("{2150E333-8FDC-42A3-9474-1A3956D46DE8}") = "Solution Items", "Solution Items", "{B01F000E-507C-4FCC-8BC2-AD66967D1F66}"
	ProjectSection(SolutionItems) = preProject
		global.json = global.json
	EndProjectSection
EndProject
Project("{8BB2217D-0F2D-49D1-97BC-3654ED321F3B}") = "GraphTheory", "src\GraphTheory\GraphTheory.xproj", "{F05BDD08-5FDF-4558-9A64-96CE0CE1CD2B}"
EndProject
Global
	GlobalSection(SolutionConfigurationPlatforms) = preSolution
		Debug|Any CPU = Debug|Any CPU
		Release|Any CPU = Release|Any CPU
	EndGlobalSection
	GlobalSection(ProjectConfigurationPlatforms) = postSolution
		{F05BDD08-5FDF-4558-9A64-96CE0CE1CD2B}.Debug|Any CPU.ActiveCfg = Debug|Any CPU
		{F05BDD08-5FDF-4558-9A64-96CE0CE1CD2B}.Debug|Any CPU.Build.0 = Debug|Any CPU
		{F05BDD08-5FDF-4558-9A64-96CE0CE1CD2B}.Release|Any CPU.ActiveCfg = Release|Any CPU
		{F05BDD08-5FDF-4558-9A64-96CE0CE1CD2B}.Release|Any CPU.Build.0 = Release|Any CPU
	EndGlobalSection
	GlobalSection(SolutionProperties) = preSolution
		HideSolutionNode = FALSE
	EndGlobalSection
	GlobalSection(NestedProjects) = preSolution
		{F05BDD08-5FDF-4558-9A64-96CE0CE1CD2B} = {DE0CB7B0-5413-43C8-B452-06224A68ED62}
	EndGlobalSection
EndGlobal
